
Microsoft Visual Studio Solution File, Format Version 12.00
# Visual Studio 15
VisualStudioVersion = 15.0.33801.198
MinimumVisualStudioVersion = 10.0.40219.1
Project("{8BC9CEB8-8B4A-11D0-8D11-00A0C91BC942}") = "MousePos", "MousePos\MousePos.vcxproj", "{66D85A26-61B9-4984-AE1B-9FE4EC80FE5A}"
EndProject
Project("{8BC9CEB8-8B4A-11D0-8D11-00A0C91BC942}") = "WinCX", "WinCX\WinCX.vcxproj", "{73029222-EF73-4FC6-A962-C905B7BF9455}"
EndProject
Project("{8BC9CEB8-8B4A-11D0-8D11-00A0C91BC942}") = "WinRT", "WinRT\WinRT.vcxproj", "{08EF0B2F-40D2-4C4D-8FDF-7395A56BDB3D}"
EndProject
Project("{8BC9CEB8-8B4A-11D0-8D11-00A0C91BC942}") = "UWP_App", "UWP_App\UWP_App.vcxproj", "{2358296B-B0C3-4BBE-AD0F-D254895D9527}"
EndProject
Project("{8BC9CEB8-8B4A-11D0-8D11-00A0C91BC942}") = "MultiThread", "MultiThread\MultiThread.vcxproj", "{0C4EAA51-09E0-4F1F-A07A-CF56061C3BD2}"
EndProject
Project("{8BC9CEB8-8B4A-11D0-8D11-00A0C91BC942}") = "Base64_UWP", "Base64_UWP\Base64_UWP.vcxproj", "{D99C928A-F9E6-4A51-8F60-FCE0E22F2451}"
EndProject
Project("{8BC9CEB8-8B4A-11D0-8D11-00A0C91BC942}") = "Benchmark", "Benchmark\Benchmark.vcxproj", "{7C994E92-24BD-42C0-B4A3-E542F897A74E}"
EndProject
Project("{8BC9CEB8-8B4A-11D0-8D11-00A0C91BC942}") = "MemLeakDetection", "MemLeakDetection\MemLeakDetection.vcxproj", "{48FB4F28-CF77-4171-A94C-0F98F3756944}"
EndProject
Project("{8BC9CEB8-8B4A-11D0-8D11-00A0C91BC942}") = "InstructionSetSupport", "InstructionSetSupport\InstructionSetSupport.vcxproj", "{52532DF8-8E4D-4724-B199-32A03178FC39}"
EndProject
Project("{8BC9CEB8-8B4A-11D0-8D11-00A0C91BC942}") = "TEA", "TEA\TEA.vcxproj", "{52780BAE-6940-4119-97C7-F53E84DFA138}"
EndProject
Project("{8BC9CEB8-8B4A-11D0-8D11-00A0C91BC942}") = "nefuCTF_reverse_1", "nefuCTF_reverse_1\nefuCTF_reverse_1.vcxproj", "{CDED7A61-4503-4AEE-A784-B7EF5E993E0D}"
EndProject
Project("{8BC9CEB8-8B4A-11D0-8D11-00A0C91BC942}") = "random_device", "random_device\random_device.vcxproj", "{B6E402AF-9F62-44A3-B8F4-6D92593A4348}"
EndProject
Global
	GlobalSection(SolutionConfigurationPlatforms) = preSolution
		Debug|ARM = Debug|ARM
		Debug|ARM64 = Debug|ARM64
		Debug|x64 = Debug|x64
		Debug|x86 = Debug|x86
		Release|ARM = Release|ARM
		Release|ARM64 = Release|ARM64
		Release|x64 = Release|x64
		Release|x86 = Release|x86
	EndGlobalSection
	GlobalSection(ProjectConfigurationPlatforms) = postSolution
		{66D85A26-61B9-4984-AE1B-9FE4EC80FE5A}.Debug|ARM.ActiveCfg = Debug|Win32
		{66D85A26-61B9-4984-AE1B-9FE4EC80FE5A}.Debug|ARM64.ActiveCfg = Debug|Win32
		{66D85A26-61B9-4984-AE1B-9FE4EC80FE5A}.Debug|x64.ActiveCfg = Debug|x64
		{66D85A26-61B9-4984-AE1B-9FE4EC80FE5A}.Debug|x64.Build.0 = Debug|x64
		{66D85A26-61B9-4984-AE1B-9FE4EC80FE5A}.Debug|x86.ActiveCfg = Debug|Win32
		{66D85A26-61B9-4984-AE1B-9FE4EC80FE5A}.Debug|x86.Build.0 = Debug|Win32
		{66D85A26-61B9-4984-AE1B-9FE4EC80FE5A}.Release|ARM.ActiveCfg = Release|Win32
		{66D85A26-61B9-4984-AE1B-9FE4EC80FE5A}.Release|ARM64.ActiveCfg = Release|Win32
		{66D85A26-61B9-4984-AE1B-9FE4EC80FE5A}.Release|x64.ActiveCfg = Release|x64
		{66D85A26-61B9-4984-AE1B-9FE4EC80FE5A}.Release|x64.Build.0 = Release|x64
		{66D85A26-61B9-4984-AE1B-9FE4EC80FE5A}.Release|x86.ActiveCfg = Release|Win32
		{66D85A26-61B9-4984-AE1B-9FE4EC80FE5A}.Release|x86.Build.0 = Release|Win32
		{73029222-EF73-4FC6-A962-C905B7BF9455}.Debug|ARM.ActiveCfg = Debug|ARM
		{73029222-EF73-4FC6-A962-C905B7BF9455}.Debug|ARM.Build.0 = Debug|ARM
		{73029222-EF73-4FC6-A962-C905B7BF9455}.Debug|ARM.Deploy.0 = Debug|ARM
		{73029222-EF73-4FC6-A962-C905B7BF9455}.Debug|ARM64.ActiveCfg = Debug|Win32
		{73029222-EF73-4FC6-A962-C905B7BF9455}.Debug|x64.ActiveCfg = Debug|x64
		{73029222-EF73-4FC6-A962-C905B7BF9455}.Debug|x64.Build.0 = Debug|x64
		{73029222-EF73-4FC6-A962-C905B7BF9455}.Debug|x64.Deploy.0 = Debug|x64
		{73029222-EF73-4FC6-A962-C905B7BF9455}.Debug|x86.ActiveCfg = Debug|Win32
		{73029222-EF73-4FC6-A962-C905B7BF9455}.Debug|x86.Build.0 = Debug|Win32
		{73029222-EF73-4FC6-A962-C905B7BF9455}.Debug|x86.Deploy.0 = Debug|Win32
		{73029222-EF73-4FC6-A962-C905B7BF9455}.Release|ARM.ActiveCfg = Release|ARM
		{73029222-EF73-4FC6-A962-C905B7BF9455}.Release|ARM.Build.0 = Release|ARM
		{73029222-EF73-4FC6-A962-C905B7BF9455}.Release|ARM.Deploy.0 = Release|ARM
		{73029222-EF73-4FC6-A962-C905B7BF9455}.Release|ARM64.ActiveCfg = Release|Win32
		{73029222-EF73-4FC6-A962-C905B7BF9455}.Release|x64.ActiveCfg = Release|x64
		{73029222-EF73-4FC6-A962-C905B7BF9455}.Release|x64.Build.0 = Release|x64
		{73029222-EF73-4FC6-A962-C905B7BF9455}.Release|x64.Deploy.0 = Release|x64
		{73029222-EF73-4FC6-A962-C905B7BF9455}.Release|x86.ActiveCfg = Release|Win32
		{73029222-EF73-4FC6-A962-C905B7BF9455}.Release|x86.Build.0 = Release|Win32
		{73029222-EF73-4FC6-A962-C905B7BF9455}.Release|x86.Deploy.0 = Release|Win32
		{08EF0B2F-40D2-4C4D-8FDF-7395A56BDB3D}.Debug|ARM.ActiveCfg = Debug|ARM
		{08EF0B2F-40D2-4C4D-8FDF-7395A56BDB3D}.Debug|ARM.Build.0 = Debug|ARM
		{08EF0B2F-40D2-4C4D-8FDF-7395A56BDB3D}.Debug|ARM.Deploy.0 = Debug|ARM
		{08EF0B2F-40D2-4C4D-8FDF-7395A56BDB3D}.Debug|ARM64.ActiveCfg = Debug|Win32
		{08EF0B2F-40D2-4C4D-8FDF-7395A56BDB3D}.Debug|x64.ActiveCfg = Debug|x64
		{08EF0B2F-40D2-4C4D-8FDF-7395A56BDB3D}.Debug|x64.Build.0 = Debug|x64
		{08EF0B2F-40D2-4C4D-8FDF-7395A56BDB3D}.Debug|x64.Deploy.0 = Debug|x64
		{08EF0B2F-40D2-4C4D-8FDF-7395A56BDB3D}.Debug|x86.ActiveCfg = Debug|Win32
		{08EF0B2F-40D2-4C4D-8FDF-7395A56BDB3D}.Debug|x86.Build.0 = Debug|Win32
		{08EF0B2F-40D2-4C4D-8FDF-7395A56BDB3D}.Debug|x86.Deploy.0 = Debug|Win32
		{08EF0B2F-40D2-4C4D-8FDF-7395A56BDB3D}.Release|ARM.ActiveCfg = Release|ARM
		{08EF0B2F-40D2-4C4D-8FDF-7395A56BDB3D}.Release|ARM.Build.0 = Release|ARM
		{08EF0B2F-40D2-4C4D-8FDF-7395A56BDB3D}.Release|ARM.Deploy.0 = Release|ARM
		{08EF0B2F-40D2-4C4D-8FDF-7395A56BDB3D}.Release|ARM64.ActiveCfg = Release|Win32
		{08EF0B2F-40D2-4C4D-8FDF-7395A56BDB3D}.Release|x64.ActiveCfg = Release|x64
		{08EF0B2F-40D2-4C4D-8FDF-7395A56BDB3D}.Release|x64.Build.0 = Release|x64
		{08EF0B2F-40D2-4C4D-8FDF-7395A56BDB3D}.Release|x64.Deploy.0 = Release|x64
		{08EF0B2F-40D2-4C4D-8FDF-7395A56BDB3D}.Release|x86.ActiveCfg = Release|Win32
		{08EF0B2F-40D2-4C4D-8FDF-7395A56BDB3D}.Release|x86.Build.0 = Release|Win32
		{08EF0B2F-40D2-4C4D-8FDF-7395A56BDB3D}.Release|x86.Deploy.0 = Release|Win32
		{2358296B-B0C3-4BBE-AD0F-D254895D9527}.Debug|ARM.ActiveCfg = Debug|ARM
		{2358296B-B0C3-4BBE-AD0F-D254895D9527}.Debug|ARM.Build.0 = Debug|ARM
		{2358296B-B0C3-4BBE-AD0F-D254895D9527}.Debug|ARM.Deploy.0 = Debug|ARM
		{2358296B-B0C3-4BBE-AD0F-D254895D9527}.Debug|ARM64.ActiveCfg = Debug|ARM64
		{2358296B-B0C3-4BBE-AD0F-D254895D9527}.Debug|ARM64.Build.0 = Debug|ARM64
		{2358296B-B0C3-4BBE-AD0F-D254895D9527}.Debug|ARM64.Deploy.0 = Debug|ARM64
		{2358296B-B0C3-4BBE-AD0F-D254895D9527}.Debug|x64.ActiveCfg = Debug|x64
		{2358296B-B0C3-4BBE-AD0F-D254895D9527}.Debug|x64.Build.0 = Debug|x64
		{2358296B-B0C3-4BBE-AD0F-D254895D9527}.Debug|x64.Deploy.0 = Debug|x64
		{2358296B-B0C3-4BBE-AD0F-D254895D9527}.Debug|x86.ActiveCfg = Debug|Win32
		{2358296B-B0C3-4BBE-AD0F-D254895D9527}.Debug|x86.Build.0 = Debug|Win32
		{2358296B-B0C3-4BBE-AD0F-D254895D9527}.Debug|x86.Deploy.0 = Debug|Win32
		{2358296B-B0C3-4BBE-AD0F-D254895D9527}.Release|ARM.ActiveCfg = Release|ARM
		{2358296B-B0C3-4BBE-AD0F-D254895D9527}.Release|ARM.Build.0 = Release|ARM
		{2358296B-B0C3-4BBE-AD0F-D254895D9527}.Release|ARM.Deploy.0 = Release|ARM
		{2358296B-B0C3-4BBE-AD0F-D254895D9527}.Release|ARM64.ActiveCfg = Release|ARM64
		{2358296B-B0C3-4BBE-AD0F-D254895D9527}.Release|ARM64.Build.0 = Release|ARM64
		{2358296B-B0C3-4BBE-AD0F-D254895D9527}.Release|ARM64.Deploy.0 = Release|ARM64
		{2358296B-B0C3-4BBE-AD0F-D254895D9527}.Release|x64.ActiveCfg = Release|x64
		{2358296B-B0C3-4BBE-AD0F-D254895D9527}.Release|x64.Build.0 = Release|x64
		{2358296B-B0C3-4BBE-AD0F-D254895D9527}.Release|x64.Deploy.0 = Release|x64
		{2358296B-B0C3-4BBE-AD0F-D254895D9527}.Release|x86.ActiveCfg = Release|Win32
		{2358296B-B0C3-4BBE-AD0F-D254895D9527}.Release|x86.Build.0 = Release|Win32
		{2358296B-B0C3-4BBE-AD0F-D254895D9527}.Release|x86.Deploy.0 = Release|Win32
		{0C4EAA51-09E0-4F1F-A07A-CF56061C3BD2}.Debug|ARM.ActiveCfg = Debug|Win32
		{0C4EAA51-09E0-4F1F-A07A-CF56061C3BD2}.Debug|ARM64.ActiveCfg = Debug|Win32
		{0C4EAA51-09E0-4F1F-A07A-CF56061C3BD2}.Debug|x64.ActiveCfg = Debug|x64
		{0C4EAA51-09E0-4F1F-A07A-CF56061C3BD2}.Debug|x64.Build.0 = Debug|x64
		{0C4EAA51-09E0-4F1F-A07A-CF56061C3BD2}.Debug|x86.ActiveCfg = Debug|Win32
		{0C4EAA51-09E0-4F1F-A07A-CF56061C3BD2}.Debug|x86.Build.0 = Debug|Win32
		{0C4EAA51-09E0-4F1F-A07A-CF56061C3BD2}.Release|ARM.ActiveCfg = Release|Win32
		{0C4EAA51-09E0-4F1F-A07A-CF56061C3BD2}.Release|ARM64.ActiveCfg = Release|Win32
		{0C4EAA51-09E0-4F1F-A07A-CF56061C3BD2}.Release|x64.ActiveCfg = Release|x64
		{0C4EAA51-09E0-4F1F-A07A-CF56061C3BD2}.Release|x64.Build.0 = Release|x64
		{0C4EAA51-09E0-4F1F-A07A-CF56061C3BD2}.Release|x86.ActiveCfg = Release|Win32
		{0C4EAA51-09E0-4F1F-A07A-CF56061C3BD2}.Release|x86.Build.0 = Release|Win32
		{D99C928A-F9E6-4A51-8F60-FCE0E22F2451}.Debug|ARM.ActiveCfg = Debug|ARM
		{D99C928A-F9E6-4A51-8F60-FCE0E22F2451}.Debug|ARM.Build.0 = Debug|ARM
		{D99C928A-F9E6-4A51-8F60-FCE0E22F2451}.Debug|ARM.Deploy.0 = Debug|ARM
		{D99C928A-F9E6-4A51-8F60-FCE0E22F2451}.Debug|ARM64.ActiveCfg = Debug|ARM64
		{D99C928A-F9E6-4A51-8F60-FCE0E22F2451}.Debug|ARM64.Build.0 = Debug|ARM64
		{D99C928A-F9E6-4A51-8F60-FCE0E22F2451}.Debug|ARM64.Deploy.0 = Debug|ARM64
		{D99C928A-F9E6-4A51-8F60-FCE0E22F2451}.Debug|x64.ActiveCfg = Debug|x64
		{D99C928A-F9E6-4A51-8F60-FCE0E22F2451}.Debug|x64.Build.0 = Debug|x64
		{D99C928A-F9E6-4A51-8F60-FCE0E22F2451}.Debug|x64.Deploy.0 = Debug|x64
		{D99C928A-F9E6-4A51-8F60-FCE0E22F2451}.Debug|x86.ActiveCfg = Debug|Win32
		{D99C928A-F9E6-4A51-8F60-FCE0E22F2451}.Debug|x86.Build.0 = Debug|Win32
		{D99C928A-F9E6-4A51-8F60-FCE0E22F2451}.Debug|x86.Deploy.0 = Debug|Win32
		{D99C928A-F9E6-4A51-8F60-FCE0E22F2451}.Release|ARM.ActiveCfg = Release|ARM
		{D99C928A-F9E6-4A51-8F60-FCE0E22F2451}.Release|ARM.Build.0 = Release|ARM
		{D99C928A-F9E6-4A51-8F60-FCE0E22F2451}.Release|ARM.Deploy.0 = Release|ARM
		{D99C928A-F9E6-4A51-8F60-FCE0E22F2451}.Release|ARM64.ActiveCfg = Release|ARM64
		{D99C928A-F9E6-4A51-8F60-FCE0E22F2451}.Release|ARM64.Build.0 = Release|ARM64
		{D99C928A-F9E6-4A51-8F60-FCE0E22F2451}.Release|ARM64.Deploy.0 = Release|ARM64
		{D99C928A-F9E6-4A51-8F60-FCE0E22F2451}.Release|x64.ActiveCfg = Release|x64
		{D99C928A-F9E6-4A51-8F60-FCE0E22F2451}.Release|x64.Build.0 = Release|x64
		{D99C928A-F9E6-4A51-8F60-FCE0E22F2451}.Release|x64.Deploy.0 = Release|x64
		{D99C928A-F9E6-4A51-8F60-FCE0E22F2451}.Release|x86.ActiveCfg = Release|Win32
		{D99C928A-F9E6-4A51-8F60-FCE0E22F2451}.Release|x86.Build.0 = Release|Win32
		{D99C928A-F9E6-4A51-8F60-FCE0E22F2451}.Release|x86.Deploy.0 = Release|Win32
		{7C994E92-24BD-42C0-B4A3-E542F897A74E}.Debug|ARM.ActiveCfg = Debug|Win32
		{7C994E92-24BD-42C0-B4A3-E542F897A74E}.Debug|ARM64.ActiveCfg = Debug|Win32
		{7C994E92-24BD-42C0-B4A3-E542F897A74E}.Debug|x64.ActiveCfg = Debug|x64
		{7C994E92-24BD-42C0-B4A3-E542F897A74E}.Debug|x64.Build.0 = Debug|x64
		{7C994E92-24BD-42C0-B4A3-E542F897A74E}.Debug|x86.ActiveCfg = Debug|Win32
		{7C994E92-24BD-42C0-B4A3-E542F897A74E}.Debug|x86.Build.0 = Debug|Win32
		{7C994E92-24BD-42C0-B4A3-E542F897A74E}.Release|ARM.ActiveCfg = Release|Win32
		{7C994E92-24BD-42C0-B4A3-E542F897A74E}.Release|ARM64.ActiveCfg = Release|Win32
		{7C994E92-24BD-42C0-B4A3-E542F897A74E}.Release|x64.ActiveCfg = Release|x64
		{7C994E92-24BD-42C0-B4A3-E542F897A74E}.Release|x64.Build.0 = Release|x64
		{7C994E92-24BD-42C0-B4A3-E542F897A74E}.Release|x86.ActiveCfg = Release|Win32
		{7C994E92-24BD-42C0-B4A3-E542F897A74E}.Release|x86.Build.0 = Release|Win32
		{48FB4F28-CF77-4171-A94C-0F98F3756944}.Debug|ARM.ActiveCfg = Debug|Win32
		{48FB4F28-CF77-4171-A94C-0F98F3756944}.Debug|ARM64.ActiveCfg = Debug|Win32
		{48FB4F28-CF77-4171-A94C-0F98F3756944}.Debug|x64.ActiveCfg = Debug|x64
		{48FB4F28-CF77-4171-A94C-0F98F3756944}.Debug|x64.Build.0 = Debug|x64
		{48FB4F28-CF77-4171-A94C-0F98F3756944}.Debug|x86.ActiveCfg = Debug|Win32
		{48FB4F28-CF77-4171-A94C-0F98F3756944}.Debug|x86.Build.0 = Debug|Win32
		{48FB4F28-CF77-4171-A94C-0F98F3756944}.Release|ARM.ActiveCfg = Release|Win32
		{48FB4F28-CF77-4171-A94C-0F98F3756944}.Release|ARM64.ActiveCfg = Release|Win32
		{48FB4F28-CF77-4171-A94C-0F98F3756944}.Release|x64.ActiveCfg = Release|x64
		{48FB4F28-CF77-4171-A94C-0F98F3756944}.Release|x64.Build.0 = Release|x64
		{48FB4F28-CF77-4171-A94C-0F98F3756944}.Release|x86.ActiveCfg = Release|Win32
		{48FB4F28-CF77-4171-A94C-0F98F3756944}.Release|x86.Build.0 = Release|Win32
		{52532DF8-8E4D-4724-B199-32A03178FC39}.Debug|ARM.ActiveCfg = Debug|Win32
		{52532DF8-8E4D-4724-B199-32A03178FC39}.Debug|ARM64.ActiveCfg = Debug|Win32
		{52532DF8-8E4D-4724-B199-32A03178FC39}.Debug|x64.ActiveCfg = Debug|x64
		{52532DF8-8E4D-4724-B199-32A03178FC39}.Debug|x64.Build.0 = Debug|x64
		{52532DF8-8E4D-4724-B199-32A03178FC39}.Debug|x86.ActiveCfg = Debug|Win32
		{52532DF8-8E4D-4724-B199-32A03178FC39}.Debug|x86.Build.0 = Debug|Win32
		{52532DF8-8E4D-4724-B199-32A03178FC39}.Release|ARM.ActiveCfg = Release|Win32
		{52532DF8-8E4D-4724-B199-32A03178FC39}.Release|ARM64.ActiveCfg = Release|Win32
		{52532DF8-8E4D-4724-B199-32A03178FC39}.Release|x64.ActiveCfg = Release|x64
		{52532DF8-8E4D-4724-B199-32A03178FC39}.Release|x64.Build.0 = Release|x64
		{52532DF8-8E4D-4724-B199-32A03178FC39}.Release|x86.ActiveCfg = Release|Win32
		{52532DF8-8E4D-4724-B199-32A03178FC39}.Release|x86.Build.0 = Release|Win32
		{52780BAE-6940-4119-97C7-F53E84DFA138}.Debug|ARM.ActiveCfg = Debug|Win32
		{52780BAE-6940-4119-97C7-F53E84DFA138}.Debug|ARM64.ActiveCfg = Debug|Win32
		{52780BAE-6940-4119-97C7-F53E84DFA138}.Debug|x64.ActiveCfg = Debug|x64
		{52780BAE-6940-4119-97C7-F53E84DFA138}.Debug|x64.Build.0 = Debug|x64
		{52780BAE-6940-4119-97C7-F53E84DFA138}.Debug|x86.ActiveCfg = Debug|Win32
		{52780BAE-6940-4119-97C7-F53E84DFA138}.Debug|x86.Build.0 = Debug|Win32
		{52780BAE-6940-4119-97C7-F53E84DFA138}.Release|ARM.ActiveCfg = Release|Win32
		{52780BAE-6940-4119-97C7-F53E84DFA138}.Release|ARM64.ActiveCfg = Release|Win32
		{52780BAE-6940-4119-97C7-F53E84DFA138}.Release|x64.ActiveCfg = Release|x64
		{52780BAE-6940-4119-97C7-F53E84DFA138}.Release|x64.Build.0 = Release|x64
		{52780BAE-6940-4119-97C7-F53E84DFA138}.Release|x86.ActiveCfg = Release|Win32
		{52780BAE-6940-4119-97C7-F53E84DFA138}.Release|x86.Build.0 = Release|Win32
		{CDED7A61-4503-4AEE-A784-B7EF5E993E0D}.Debug|ARM.ActiveCfg = Debug|Win32
		{CDED7A61-4503-4AEE-A784-B7EF5E993E0D}.Debug|ARM64.ActiveCfg = Debug|Win32
		{CDED7A61-4503-4AEE-A784-B7EF5E993E0D}.Debug|x64.ActiveCfg = Debug|x64
		{CDED7A61-4503-4AEE-A784-B7EF5E993E0D}.Debug|x64.Build.0 = Debug|x64
		{CDED7A61-4503-4AEE-A784-B7EF5E993E0D}.Debug|x86.ActiveCfg = Debug|Win32
		{CDED7A61-4503-4AEE-A784-B7EF5E993E0D}.Debug|x86.Build.0 = Debug|Win32
		{CDED7A61-4503-4AEE-A784-B7EF5E993E0D}.Release|ARM.ActiveCfg = Release|Win32
		{CDED7A61-4503-4AEE-A784-B7EF5E993E0D}.Release|ARM64.ActiveCfg = Release|Win32
		{CDED7A61-4503-4AEE-A784-B7EF5E993E0D}.Release|x64.ActiveCfg = Release|x64
		{CDED7A61-4503-4AEE-A784-B7EF5E993E0D}.Release|x64.Build.0 = Release|x64
		{CDED7A61-4503-4AEE-A784-B7EF5E993E0D}.Release|x86.ActiveCfg = Release|Win32
		{CDED7A61-4503-4AEE-A784-B7EF5E993E0D}.Release|x86.Build.0 = Release|Win32
		{B6E402AF-9F62-44A3-B8F4-6D92593A4348}.Debug|ARM.ActiveCfg = Debug|Win32
		{B6E402AF-9F62-44A3-B8F4-6D92593A4348}.Debug|ARM64.ActiveCfg = Debug|Win32
		{B6E402AF-9F62-44A3-B8F4-6D92593A4348}.Debug|x64.ActiveCfg = Debug|x64
		{B6E402AF-9F62-44A3-B8F4-6D92593A4348}.Debug|x64.Build.0 = Debug|x64
		{B6E402AF-9F62-44A3-B8F4-6D92593A4348}.Debug|x86.ActiveCfg = Debug|Win32
		{B6E402AF-9F62-44A3-B8F4-6D92593A4348}.Debug|x86.Build.0 = Debug|Win32
		{B6E402AF-9F62-44A3-B8F4-6D92593A4348}.Release|ARM.ActiveCfg = Release|Win32
		{B6E402AF-9F62-44A3-B8F4-6D92593A4348}.Release|ARM64.ActiveCfg = Release|Win32
		{B6E402AF-9F62-44A3-B8F4-6D92593A4348}.Release|x64.ActiveCfg = Release|x64
		{B6E402AF-9F62-44A3-B8F4-6D92593A4348}.Release|x64.Build.0 = Release|x64
		{B6E402AF-9F62-44A3-B8F4-6D92593A4348}.Release|x86.ActiveCfg = Release|Win32
		{B6E402AF-9F62-44A3-B8F4-6D92593A4348}.Release|x86.Build.0 = Release|Win32
	EndGlobalSection
	GlobalSection(SolutionProperties) = preSolution
		HideSolutionNode = FALSE
	EndGlobalSection
	GlobalSection(ExtensibilityGlobals) = postSolution
		SolutionGuid = {EEBCF7F7-EFA9-435E-BFA3-05B3AB6F8061}
	EndGlobalSection
EndGlobal
