
Microsoft Visual Studio Solution File, Format Version 12.00
# Visual Studio 15
VisualStudioVersion = 15.0.33801.198
MinimumVisualStudioVersion = 10.0.40219.1
Project("{8BC9CEB8-8B4A-11D0-8D11-00A0C91BC942}") = "MemLeakDetection", "MemLeakDetection\MemLeakDetection.vcxproj", "{48FB4F28-CF77-4171-A94C-0F98F3756944}"
EndProject
Project("{8BC9CEB8-8B4A-11D0-8D11-00A0C91BC942}") = "InstructionSetSupport", "InstructionSetSupport\InstructionSetSupport.vcxproj", "{52532DF8-8E4D-4724-B199-32A03178FC39}"
EndProject
Project("{8BC9CEB8-8B4A-11D0-8D11-00A0C91BC942}") = "TEA", "TEA\TEA.vcxproj", "{52780BAE-6940-4119-97C7-F53E84DFA138}"
EndProject
Project("{8BC9CEB8-8B4A-11D0-8D11-00A0C91BC942}") = "CUDADemo", "CUDADemo\CUDADemo.vcxproj", "{881C9D3F-D90B-4514-AAC9-C7753ED495FB}"
EndProject
Project("{8BC9CEB8-8B4A-11D0-8D11-00A0C91BC942}") = "HttpServer", "HttpServer\HttpServer.vcxproj", "{A3E247D2-D42C-4F87-8873-FFB2FF267C91}"
EndProject
Project("{8BC9CEB8-8B4A-11D0-8D11-00A0C91BC942}") = "asio", "asio\asio.vcxproj", "{4C571018-1971-40B6-9E0D-AB0B34DD5B09}"
EndProject
Project("{8BC9CEB8-8B4A-11D0-8D11-00A0C91BC942}") = "OIerFinder", "OIerFinder\OIerFinder.vcxproj", "{334AECAE-58CF-45F9-828D-35A7792C5FCD}"
EndProject
Project("{8BC9CEB8-8B4A-11D0-8D11-00A0C91BC942}") = "UuidGen", "UuidGen\UuidGen.vcxproj", "{4F23602A-D9F6-4846-8DF0-4EFAFE200BF4}"
EndProject
Project("{8BC9CEB8-8B4A-11D0-8D11-00A0C91BC942}") = "intel-mkl", "intel-mkl\intel-mkl.vcxproj", "{FAC265E8-4223-4EEB-8F97-BDFF33C7E321}"
EndProject
Project("{8BC9CEB8-8B4A-11D0-8D11-00A0C91BC942}") = "VecAdd", "VecAdd\VecAdd.vcxproj", "{FD25901C-B0E1-479B-8C6B-E99A94BF1CBC}"
EndProject
Project("{8BC9CEB8-8B4A-11D0-8D11-00A0C91BC942}") = "OpenCLDemo", "OpenCLDemo\OpenCLDemo.vcxproj", "{4D7ED844-8364-48CE-918B-E33A614F64ED}"
EndProject
Project("{8BC9CEB8-8B4A-11D0-8D11-00A0C91BC942}") = "OpenCLString", "OpenCLString\OpenCLString.vcxproj", "{49C1F7EE-6E1F-4B75-92CF-2D302B68A636}"
EndProject
Project("{8BC9CEB8-8B4A-11D0-8D11-00A0C91BC942}") = "SYCLString", "SYCLString\SYCLString.vcxproj", "{F2AB224E-21F9-4E3D-9259-B5122CB438E7}"
EndProject
Project("{8BC9CEB8-8B4A-11D0-8D11-00A0C91BC942}") = "ClickForFlag", "ClickForFlag\ClickForFlag.vcxproj", "{9CD51A3F-B144-46D8-B607-CE964FE6819B}"
EndProject
Project("{8BC9CEB8-8B4A-11D0-8D11-00A0C91BC942}") = "echo_server", "echo_server\echo_server.vcxproj", "{07D5C915-9BEA-4B66-9450-9711D32C4C59}"
EndProject
Project("{8BC9CEB8-8B4A-11D0-8D11-00A0C91BC942}") = "echo_client", "echo_client\echo_client.vcxproj", "{2072BCA2-DFAF-4BA5-B221-9CEF1372E663}"
EndProject
Project("{8BC9CEB8-8B4A-11D0-8D11-00A0C91BC942}") = "Barcode", "Barcode\Barcode.vcxproj", "{A5823F75-C9AE-41BC-BD74-75ACA80858A0}"
EndProject
Project("{8BC9CEB8-8B4A-11D0-8D11-00A0C91BC942}") = "GMP", "GMP\GMP.vcxproj", "{B03CCE4C-DFD4-43AD-A261-E749326C1279}"
EndProject
Project("{8BC9CEB8-8B4A-11D0-8D11-00A0C91BC942}") = "pcap2dataset", "pcap2dataset\pcap2dataset.vcxproj", "{85CE5B27-4FB0-4704-9BA0-1659D1FA12EE}"
EndProject
Project("{8BC9CEB8-8B4A-11D0-8D11-00A0C91BC942}") = "GetDNS", "GetDNS\GetDNS.vcxproj", "{B0F6B5B1-1C9F-48C2-949F-3C0CAEB9CC72}"
EndProject
Project("{8BC9CEB8-8B4A-11D0-8D11-00A0C91BC942}") = "WinFlexBison", "WinFlexBison\WinFlexBison.vcxproj", "{8F517A58-64A3-4637-B857-F295A4A78550}"
EndProject
Project("{8BC9CEB8-8B4A-11D0-8D11-00A0C91BC942}") = "PRBS-7", "PRBS-7\PRBS-7.vcxproj", "{EBDEB3FB-9821-4D3D-B602-A99FC9A1394A}"
EndProject
Project("{8BC9CEB8-8B4A-11D0-8D11-00A0C91BC942}") = "pcap2rsa", "pcap2rsa\pcap2rsa.vcxproj", "{98F7BF6C-DF15-466D-A844-C8DD9F04D960}"
EndProject
Project("{8BC9CEB8-8B4A-11D0-8D11-00A0C91BC942}") = "Example", "Example\Example.vcxproj", "{723E5A93-6581-4281-913B-D6749C360E5E}"
EndProject
Project("{8BC9CEB8-8B4A-11D0-8D11-00A0C91BC942}") = "GTK", "GTK\GTK.vcxproj", "{BE22748C-F26E-44FE-A1C9-84274E8DB3CD}"
EndProject
Project("{8BC9CEB8-8B4A-11D0-8D11-00A0C91BC942}") = "KeyBoardHinter", "KeyBoardHinter\KeyBoardHinter.vcxproj", "{061C687D-4F3B-40E1-B0F3-894596D3389F}"
EndProject
Project("{8BC9CEB8-8B4A-11D0-8D11-00A0C91BC942}") = "ClangTest", "ClangTest\ClangTest.vcxproj", "{1C269F81-573D-4A89-9989-71ED787D399D}"
EndProject
Project("{8BC9CEB8-8B4A-11D0-8D11-00A0C91BC942}") = "PocoHttpServer", "PocoHttpServer\PocoHttpServer.vcxproj", "{0130DA3F-C0CD-4A7D-9027-06C35C6F4848}"
EndProject
Project("{8BC9CEB8-8B4A-11D0-8D11-00A0C91BC942}") = "Crypto", "Crypto\Crypto.vcxproj", "{AEF00D9A-2287-4550-ABC5-EC4495433643}"
EndProject
Project("{8BC9CEB8-8B4A-11D0-8D11-00A0C91BC942}") = "AES", "AES\AES.vcxproj", "{E942A405-961D-493D-B922-11FD67332783}"
EndProject
Project("{8BC9CEB8-8B4A-11D0-8D11-00A0C91BC942}") = "AESDLL", "AESDLL\AESDLL.vcxproj", "{FE56E7FD-7767-4BC6-95AD-BDD441F6ED2A}"
EndProject
Project("{8BC9CEB8-8B4A-11D0-8D11-00A0C91BC942}") = "x86-simd-sort", "x86-simd-sort\x86-simd-sort.vcxproj", "{0714A8B7-E28A-4651-839C-9DE063BC84DF}"
EndProject
Project("{8BC9CEB8-8B4A-11D0-8D11-00A0C91BC942}") = "Base64", "Base64\Base64.vcxproj", "{BF5890D8-A19B-43F1-8802-185675574B2A}"
EndProject
Project("{8BC9CEB8-8B4A-11D0-8D11-00A0C91BC942}") = "asmjit", "asmjit\asmjit.vcxproj", "{73EB8DD1-F34D-4D17-B3DC-7585496C8306}"
EndProject
Project("{8BC9CEB8-8B4A-11D0-8D11-00A0C91BC942}") = "YASM", "YASM\YASM.vcxproj", "{457602EB-7020-4D62-A652-FA59F1364001}"
EndProject
Project("{8BC9CEB8-8B4A-11D0-8D11-00A0C91BC942}") = "BranchPrediction", "BranchPrediction\BranchPrediction.vcxproj", "{EB82190F-7ABE-42C6-AFCE-13DF93DC7264}"
EndProject
Project("{8BC9CEB8-8B4A-11D0-8D11-00A0C91BC942}") = "RC4", "RC4\RC4.vcxproj", "{3F490072-F023-4DD7-B7C2-2543FF5359CF}"
EndProject
Global
	GlobalSection(SolutionConfigurationPlatforms) = preSolution
		Debug|ARM = Debug|ARM
		Debug|ARM64 = Debug|ARM64
		Debug|x64 = Debug|x64
		Debug|x86 = Debug|x86
		Release|ARM = Release|ARM
		Release|ARM64 = Release|ARM64
		Release|x64 = Release|x64
		Release|x86 = Release|x86
	EndGlobalSection
	GlobalSection(ProjectConfigurationPlatforms) = postSolution
		{48FB4F28-CF77-4171-A94C-0F98F3756944}.Debug|ARM.ActiveCfg = Debug|Win32
		{48FB4F28-CF77-4171-A94C-0F98F3756944}.Debug|ARM64.ActiveCfg = Debug|Win32
		{48FB4F28-CF77-4171-A94C-0F98F3756944}.Debug|x64.ActiveCfg = Debug|x64
		{48FB4F28-CF77-4171-A94C-0F98F3756944}.Debug|x64.Build.0 = Debug|x64
		{48FB4F28-CF77-4171-A94C-0F98F3756944}.Debug|x86.ActiveCfg = Debug|Win32
		{48FB4F28-CF77-4171-A94C-0F98F3756944}.Debug|x86.Build.0 = Debug|Win32
		{48FB4F28-CF77-4171-A94C-0F98F3756944}.Release|ARM.ActiveCfg = Release|Win32
		{48FB4F28-CF77-4171-A94C-0F98F3756944}.Release|ARM64.ActiveCfg = Release|Win32
		{48FB4F28-CF77-4171-A94C-0F98F3756944}.Release|x64.ActiveCfg = Release|x64
		{48FB4F28-CF77-4171-A94C-0F98F3756944}.Release|x64.Build.0 = Release|x64
		{48FB4F28-CF77-4171-A94C-0F98F3756944}.Release|x86.ActiveCfg = Release|Win32
		{48FB4F28-CF77-4171-A94C-0F98F3756944}.Release|x86.Build.0 = Release|Win32
		{52532DF8-8E4D-4724-B199-32A03178FC39}.Debug|ARM.ActiveCfg = Debug|Win32
		{52532DF8-8E4D-4724-B199-32A03178FC39}.Debug|ARM64.ActiveCfg = Debug|Win32
		{52532DF8-8E4D-4724-B199-32A03178FC39}.Debug|x64.ActiveCfg = Debug|x64
		{52532DF8-8E4D-4724-B199-32A03178FC39}.Debug|x64.Build.0 = Debug|x64
		{52532DF8-8E4D-4724-B199-32A03178FC39}.Debug|x86.ActiveCfg = Debug|Win32
		{52532DF8-8E4D-4724-B199-32A03178FC39}.Debug|x86.Build.0 = Debug|Win32
		{52532DF8-8E4D-4724-B199-32A03178FC39}.Release|ARM.ActiveCfg = Release|Win32
		{52532DF8-8E4D-4724-B199-32A03178FC39}.Release|ARM64.ActiveCfg = Release|Win32
		{52532DF8-8E4D-4724-B199-32A03178FC39}.Release|x64.ActiveCfg = Release|x64
		{52532DF8-8E4D-4724-B199-32A03178FC39}.Release|x64.Build.0 = Release|x64
		{52532DF8-8E4D-4724-B199-32A03178FC39}.Release|x86.ActiveCfg = Release|Win32
		{52532DF8-8E4D-4724-B199-32A03178FC39}.Release|x86.Build.0 = Release|Win32
		{52780BAE-6940-4119-97C7-F53E84DFA138}.Debug|ARM.ActiveCfg = Debug|Win32
		{52780BAE-6940-4119-97C7-F53E84DFA138}.Debug|ARM64.ActiveCfg = Debug|Win32
		{52780BAE-6940-4119-97C7-F53E84DFA138}.Debug|x64.ActiveCfg = Debug|x64
		{52780BAE-6940-4119-97C7-F53E84DFA138}.Debug|x64.Build.0 = Debug|x64
		{52780BAE-6940-4119-97C7-F53E84DFA138}.Debug|x86.ActiveCfg = Debug|Win32
		{52780BAE-6940-4119-97C7-F53E84DFA138}.Debug|x86.Build.0 = Debug|Win32
		{52780BAE-6940-4119-97C7-F53E84DFA138}.Release|ARM.ActiveCfg = Release|Win32
		{52780BAE-6940-4119-97C7-F53E84DFA138}.Release|ARM64.ActiveCfg = Release|Win32
		{52780BAE-6940-4119-97C7-F53E84DFA138}.Release|x64.ActiveCfg = Release|x64
		{52780BAE-6940-4119-97C7-F53E84DFA138}.Release|x64.Build.0 = Release|x64
		{52780BAE-6940-4119-97C7-F53E84DFA138}.Release|x86.ActiveCfg = Release|Win32
		{52780BAE-6940-4119-97C7-F53E84DFA138}.Release|x86.Build.0 = Release|Win32
		{881C9D3F-D90B-4514-AAC9-C7753ED495FB}.Debug|ARM.ActiveCfg = Debug|x64
		{881C9D3F-D90B-4514-AAC9-C7753ED495FB}.Debug|ARM64.ActiveCfg = Debug|x64
		{881C9D3F-D90B-4514-AAC9-C7753ED495FB}.Debug|x64.ActiveCfg = Debug|x64
		{881C9D3F-D90B-4514-AAC9-C7753ED495FB}.Debug|x64.Build.0 = Debug|x64
		{881C9D3F-D90B-4514-AAC9-C7753ED495FB}.Debug|x86.ActiveCfg = Debug|x64
		{881C9D3F-D90B-4514-AAC9-C7753ED495FB}.Release|ARM.ActiveCfg = Release|x64
		{881C9D3F-D90B-4514-AAC9-C7753ED495FB}.Release|ARM64.ActiveCfg = Release|x64
		{881C9D3F-D90B-4514-AAC9-C7753ED495FB}.Release|x64.ActiveCfg = Release|x64
		{881C9D3F-D90B-4514-AAC9-C7753ED495FB}.Release|x64.Build.0 = Release|x64
		{881C9D3F-D90B-4514-AAC9-C7753ED495FB}.Release|x86.ActiveCfg = Release|x64
		{A3E247D2-D42C-4F87-8873-FFB2FF267C91}.Debug|ARM.ActiveCfg = Debug|Win32
		{A3E247D2-D42C-4F87-8873-FFB2FF267C91}.Debug|ARM64.ActiveCfg = Debug|Win32
		{A3E247D2-D42C-4F87-8873-FFB2FF267C91}.Debug|x64.ActiveCfg = Debug|x64
		{A3E247D2-D42C-4F87-8873-FFB2FF267C91}.Debug|x64.Build.0 = Debug|x64
		{A3E247D2-D42C-4F87-8873-FFB2FF267C91}.Debug|x86.ActiveCfg = Debug|Win32
		{A3E247D2-D42C-4F87-8873-FFB2FF267C91}.Debug|x86.Build.0 = Debug|Win32
		{A3E247D2-D42C-4F87-8873-FFB2FF267C91}.Release|ARM.ActiveCfg = Release|Win32
		{A3E247D2-D42C-4F87-8873-FFB2FF267C91}.Release|ARM64.ActiveCfg = Release|Win32
		{A3E247D2-D42C-4F87-8873-FFB2FF267C91}.Release|x64.ActiveCfg = Release|x64
		{A3E247D2-D42C-4F87-8873-FFB2FF267C91}.Release|x64.Build.0 = Release|x64
		{A3E247D2-D42C-4F87-8873-FFB2FF267C91}.Release|x86.ActiveCfg = Release|Win32
		{A3E247D2-D42C-4F87-8873-FFB2FF267C91}.Release|x86.Build.0 = Release|Win32
		{4C571018-1971-40B6-9E0D-AB0B34DD5B09}.Debug|ARM.ActiveCfg = Debug|Win32
		{4C571018-1971-40B6-9E0D-AB0B34DD5B09}.Debug|ARM64.ActiveCfg = Debug|Win32
		{4C571018-1971-40B6-9E0D-AB0B34DD5B09}.Debug|x64.ActiveCfg = Debug|x64
		{4C571018-1971-40B6-9E0D-AB0B34DD5B09}.Debug|x64.Build.0 = Debug|x64
		{4C571018-1971-40B6-9E0D-AB0B34DD5B09}.Debug|x86.ActiveCfg = Debug|Win32
		{4C571018-1971-40B6-9E0D-AB0B34DD5B09}.Debug|x86.Build.0 = Debug|Win32
		{4C571018-1971-40B6-9E0D-AB0B34DD5B09}.Release|ARM.ActiveCfg = Release|Win32
		{4C571018-1971-40B6-9E0D-AB0B34DD5B09}.Release|ARM64.ActiveCfg = Release|Win32
		{4C571018-1971-40B6-9E0D-AB0B34DD5B09}.Release|x64.ActiveCfg = Release|x64
		{4C571018-1971-40B6-9E0D-AB0B34DD5B09}.Release|x64.Build.0 = Release|x64
		{4C571018-1971-40B6-9E0D-AB0B34DD5B09}.Release|x86.ActiveCfg = Release|Win32
		{4C571018-1971-40B6-9E0D-AB0B34DD5B09}.Release|x86.Build.0 = Release|Win32
		{334AECAE-58CF-45F9-828D-35A7792C5FCD}.Debug|ARM.ActiveCfg = Debug|Win32
		{334AECAE-58CF-45F9-828D-35A7792C5FCD}.Debug|ARM64.ActiveCfg = Debug|Win32
		{334AECAE-58CF-45F9-828D-35A7792C5FCD}.Debug|x64.ActiveCfg = Debug|x64
		{334AECAE-58CF-45F9-828D-35A7792C5FCD}.Debug|x64.Build.0 = Debug|x64
		{334AECAE-58CF-45F9-828D-35A7792C5FCD}.Debug|x86.ActiveCfg = Debug|Win32
		{334AECAE-58CF-45F9-828D-35A7792C5FCD}.Debug|x86.Build.0 = Debug|Win32
		{334AECAE-58CF-45F9-828D-35A7792C5FCD}.Release|ARM.ActiveCfg = Release|Win32
		{334AECAE-58CF-45F9-828D-35A7792C5FCD}.Release|ARM64.ActiveCfg = Release|Win32
		{334AECAE-58CF-45F9-828D-35A7792C5FCD}.Release|x64.ActiveCfg = Release|x64
		{334AECAE-58CF-45F9-828D-35A7792C5FCD}.Release|x64.Build.0 = Release|x64
		{334AECAE-58CF-45F9-828D-35A7792C5FCD}.Release|x86.ActiveCfg = Release|Win32
		{334AECAE-58CF-45F9-828D-35A7792C5FCD}.Release|x86.Build.0 = Release|Win32
		{4F23602A-D9F6-4846-8DF0-4EFAFE200BF4}.Debug|ARM.ActiveCfg = Debug|Win32
		{4F23602A-D9F6-4846-8DF0-4EFAFE200BF4}.Debug|ARM64.ActiveCfg = Debug|Win32
		{4F23602A-D9F6-4846-8DF0-4EFAFE200BF4}.Debug|x64.ActiveCfg = Debug|x64
		{4F23602A-D9F6-4846-8DF0-4EFAFE200BF4}.Debug|x64.Build.0 = Debug|x64
		{4F23602A-D9F6-4846-8DF0-4EFAFE200BF4}.Debug|x86.ActiveCfg = Debug|Win32
		{4F23602A-D9F6-4846-8DF0-4EFAFE200BF4}.Debug|x86.Build.0 = Debug|Win32
		{4F23602A-D9F6-4846-8DF0-4EFAFE200BF4}.Release|ARM.ActiveCfg = Release|Win32
		{4F23602A-D9F6-4846-8DF0-4EFAFE200BF4}.Release|ARM64.ActiveCfg = Release|Win32
		{4F23602A-D9F6-4846-8DF0-4EFAFE200BF4}.Release|x64.ActiveCfg = Release|x64
		{4F23602A-D9F6-4846-8DF0-4EFAFE200BF4}.Release|x64.Build.0 = Release|x64
		{4F23602A-D9F6-4846-8DF0-4EFAFE200BF4}.Release|x86.ActiveCfg = Release|Win32
		{4F23602A-D9F6-4846-8DF0-4EFAFE200BF4}.Release|x86.Build.0 = Release|Win32
		{FAC265E8-4223-4EEB-8F97-BDFF33C7E321}.Debug|ARM.ActiveCfg = Debug|x64
		{FAC265E8-4223-4EEB-8F97-BDFF33C7E321}.Debug|ARM64.ActiveCfg = Debug|x64
		{FAC265E8-4223-4EEB-8F97-BDFF33C7E321}.Debug|x64.ActiveCfg = Debug|x64
		{FAC265E8-4223-4EEB-8F97-BDFF33C7E321}.Debug|x64.Build.0 = Debug|x64
		{FAC265E8-4223-4EEB-8F97-BDFF33C7E321}.Debug|x86.ActiveCfg = Debug|x64
		{FAC265E8-4223-4EEB-8F97-BDFF33C7E321}.Release|ARM.ActiveCfg = Release|x64
		{FAC265E8-4223-4EEB-8F97-BDFF33C7E321}.Release|ARM64.ActiveCfg = Release|x64
		{FAC265E8-4223-4EEB-8F97-BDFF33C7E321}.Release|x64.ActiveCfg = Release|x64
		{FAC265E8-4223-4EEB-8F97-BDFF33C7E321}.Release|x64.Build.0 = Release|x64
		{FAC265E8-4223-4EEB-8F97-BDFF33C7E321}.Release|x86.ActiveCfg = Release|x64
		{FD25901C-B0E1-479B-8C6B-E99A94BF1CBC}.Debug|ARM.ActiveCfg = Debug|x64
		{FD25901C-B0E1-479B-8C6B-E99A94BF1CBC}.Debug|ARM64.ActiveCfg = Debug|x64
		{FD25901C-B0E1-479B-8C6B-E99A94BF1CBC}.Debug|x64.ActiveCfg = Debug|x64
		{FD25901C-B0E1-479B-8C6B-E99A94BF1CBC}.Debug|x64.Build.0 = Debug|x64
		{FD25901C-B0E1-479B-8C6B-E99A94BF1CBC}.Debug|x86.ActiveCfg = Debug|x64
		{FD25901C-B0E1-479B-8C6B-E99A94BF1CBC}.Release|ARM.ActiveCfg = Release|x64
		{FD25901C-B0E1-479B-8C6B-E99A94BF1CBC}.Release|ARM64.ActiveCfg = Release|x64
		{FD25901C-B0E1-479B-8C6B-E99A94BF1CBC}.Release|x64.ActiveCfg = Release|x64
		{FD25901C-B0E1-479B-8C6B-E99A94BF1CBC}.Release|x64.Build.0 = Release|x64
		{FD25901C-B0E1-479B-8C6B-E99A94BF1CBC}.Release|x86.ActiveCfg = Release|x64
		{4D7ED844-8364-48CE-918B-E33A614F64ED}.Debug|ARM.ActiveCfg = Debug|Win32
		{4D7ED844-8364-48CE-918B-E33A614F64ED}.Debug|ARM64.ActiveCfg = Debug|Win32
		{4D7ED844-8364-48CE-918B-E33A614F64ED}.Debug|x64.ActiveCfg = Debug|x64
		{4D7ED844-8364-48CE-918B-E33A614F64ED}.Debug|x64.Build.0 = Debug|x64
		{4D7ED844-8364-48CE-918B-E33A614F64ED}.Debug|x86.ActiveCfg = Debug|Win32
		{4D7ED844-8364-48CE-918B-E33A614F64ED}.Debug|x86.Build.0 = Debug|Win32
		{4D7ED844-8364-48CE-918B-E33A614F64ED}.Release|ARM.ActiveCfg = Release|Win32
		{4D7ED844-8364-48CE-918B-E33A614F64ED}.Release|ARM64.ActiveCfg = Release|Win32
		{4D7ED844-8364-48CE-918B-E33A614F64ED}.Release|x64.ActiveCfg = Release|x64
		{4D7ED844-8364-48CE-918B-E33A614F64ED}.Release|x64.Build.0 = Release|x64
		{4D7ED844-8364-48CE-918B-E33A614F64ED}.Release|x86.ActiveCfg = Release|Win32
		{4D7ED844-8364-48CE-918B-E33A614F64ED}.Release|x86.Build.0 = Release|Win32
		{49C1F7EE-6E1F-4B75-92CF-2D302B68A636}.Debug|ARM.ActiveCfg = Debug|Win32
		{49C1F7EE-6E1F-4B75-92CF-2D302B68A636}.Debug|ARM64.ActiveCfg = Debug|Win32
		{49C1F7EE-6E1F-4B75-92CF-2D302B68A636}.Debug|x64.ActiveCfg = Debug|x64
		{49C1F7EE-6E1F-4B75-92CF-2D302B68A636}.Debug|x64.Build.0 = Debug|x64
		{49C1F7EE-6E1F-4B75-92CF-2D302B68A636}.Debug|x86.ActiveCfg = Debug|Win32
		{49C1F7EE-6E1F-4B75-92CF-2D302B68A636}.Debug|x86.Build.0 = Debug|Win32
		{49C1F7EE-6E1F-4B75-92CF-2D302B68A636}.Release|ARM.ActiveCfg = Release|Win32
		{49C1F7EE-6E1F-4B75-92CF-2D302B68A636}.Release|ARM64.ActiveCfg = Release|Win32
		{49C1F7EE-6E1F-4B75-92CF-2D302B68A636}.Release|x64.ActiveCfg = Release|x64
		{49C1F7EE-6E1F-4B75-92CF-2D302B68A636}.Release|x64.Build.0 = Release|x64
		{49C1F7EE-6E1F-4B75-92CF-2D302B68A636}.Release|x86.ActiveCfg = Release|Win32
		{49C1F7EE-6E1F-4B75-92CF-2D302B68A636}.Release|x86.Build.0 = Release|Win32
		{F2AB224E-21F9-4E3D-9259-B5122CB438E7}.Debug|ARM.ActiveCfg = Debug|x64
		{F2AB224E-21F9-4E3D-9259-B5122CB438E7}.Debug|ARM64.ActiveCfg = Debug|x64
		{F2AB224E-21F9-4E3D-9259-B5122CB438E7}.Debug|x64.ActiveCfg = Debug|x64
		{F2AB224E-21F9-4E3D-9259-B5122CB438E7}.Debug|x64.Build.0 = Debug|x64
		{F2AB224E-21F9-4E3D-9259-B5122CB438E7}.Debug|x86.ActiveCfg = Debug|x64
		{F2AB224E-21F9-4E3D-9259-B5122CB438E7}.Release|ARM.ActiveCfg = Release|x64
		{F2AB224E-21F9-4E3D-9259-B5122CB438E7}.Release|ARM64.ActiveCfg = Release|x64
		{F2AB224E-21F9-4E3D-9259-B5122CB438E7}.Release|x64.ActiveCfg = Release|x64
		{F2AB224E-21F9-4E3D-9259-B5122CB438E7}.Release|x64.Build.0 = Release|x64
		{F2AB224E-21F9-4E3D-9259-B5122CB438E7}.Release|x86.ActiveCfg = Release|x64
		{9CD51A3F-B144-46D8-B607-CE964FE6819B}.Debug|ARM.ActiveCfg = Debug|Win32
		{9CD51A3F-B144-46D8-B607-CE964FE6819B}.Debug|ARM64.ActiveCfg = Debug|Win32
		{9CD51A3F-B144-46D8-B607-CE964FE6819B}.Debug|x64.ActiveCfg = Debug|x64
		{9CD51A3F-B144-46D8-B607-CE964FE6819B}.Debug|x64.Build.0 = Debug|x64
		{9CD51A3F-B144-46D8-B607-CE964FE6819B}.Debug|x86.ActiveCfg = Debug|Win32
		{9CD51A3F-B144-46D8-B607-CE964FE6819B}.Debug|x86.Build.0 = Debug|Win32
		{9CD51A3F-B144-46D8-B607-CE964FE6819B}.Release|ARM.ActiveCfg = Release|Win32
		{9CD51A3F-B144-46D8-B607-CE964FE6819B}.Release|ARM64.ActiveCfg = Release|Win32
		{9CD51A3F-B144-46D8-B607-CE964FE6819B}.Release|x64.ActiveCfg = Release|x64
		{9CD51A3F-B144-46D8-B607-CE964FE6819B}.Release|x64.Build.0 = Release|x64
		{9CD51A3F-B144-46D8-B607-CE964FE6819B}.Release|x86.ActiveCfg = Release|Win32
		{9CD51A3F-B144-46D8-B607-CE964FE6819B}.Release|x86.Build.0 = Release|Win32
		{07D5C915-9BEA-4B66-9450-9711D32C4C59}.Debug|ARM.ActiveCfg = Debug|Win32
		{07D5C915-9BEA-4B66-9450-9711D32C4C59}.Debug|ARM64.ActiveCfg = Debug|Win32
		{07D5C915-9BEA-4B66-9450-9711D32C4C59}.Debug|x64.ActiveCfg = Debug|x64
		{07D5C915-9BEA-4B66-9450-9711D32C4C59}.Debug|x64.Build.0 = Debug|x64
		{07D5C915-9BEA-4B66-9450-9711D32C4C59}.Debug|x86.ActiveCfg = Debug|Win32
		{07D5C915-9BEA-4B66-9450-9711D32C4C59}.Debug|x86.Build.0 = Debug|Win32
		{07D5C915-9BEA-4B66-9450-9711D32C4C59}.Release|ARM.ActiveCfg = Release|Win32
		{07D5C915-9BEA-4B66-9450-9711D32C4C59}.Release|ARM64.ActiveCfg = Release|Win32
		{07D5C915-9BEA-4B66-9450-9711D32C4C59}.Release|x64.ActiveCfg = Release|x64
		{07D5C915-9BEA-4B66-9450-9711D32C4C59}.Release|x64.Build.0 = Release|x64
		{07D5C915-9BEA-4B66-9450-9711D32C4C59}.Release|x86.ActiveCfg = Release|Win32
		{07D5C915-9BEA-4B66-9450-9711D32C4C59}.Release|x86.Build.0 = Release|Win32
		{2072BCA2-DFAF-4BA5-B221-9CEF1372E663}.Debug|ARM.ActiveCfg = Debug|Win32
		{2072BCA2-DFAF-4BA5-B221-9CEF1372E663}.Debug|ARM64.ActiveCfg = Debug|Win32
		{2072BCA2-DFAF-4BA5-B221-9CEF1372E663}.Debug|x64.ActiveCfg = Debug|x64
		{2072BCA2-DFAF-4BA5-B221-9CEF1372E663}.Debug|x64.Build.0 = Debug|x64
		{2072BCA2-DFAF-4BA5-B221-9CEF1372E663}.Debug|x86.ActiveCfg = Debug|Win32
		{2072BCA2-DFAF-4BA5-B221-9CEF1372E663}.Debug|x86.Build.0 = Debug|Win32
		{2072BCA2-DFAF-4BA5-B221-9CEF1372E663}.Release|ARM.ActiveCfg = Release|Win32
		{2072BCA2-DFAF-4BA5-B221-9CEF1372E663}.Release|ARM64.ActiveCfg = Release|Win32
		{2072BCA2-DFAF-4BA5-B221-9CEF1372E663}.Release|x64.ActiveCfg = Release|x64
		{2072BCA2-DFAF-4BA5-B221-9CEF1372E663}.Release|x64.Build.0 = Release|x64
		{2072BCA2-DFAF-4BA5-B221-9CEF1372E663}.Release|x86.ActiveCfg = Release|Win32
		{2072BCA2-DFAF-4BA5-B221-9CEF1372E663}.Release|x86.Build.0 = Release|Win32
		{A5823F75-C9AE-41BC-BD74-75ACA80858A0}.Debug|ARM.ActiveCfg = Debug|Win32
		{A5823F75-C9AE-41BC-BD74-75ACA80858A0}.Debug|ARM64.ActiveCfg = Debug|Win32
		{A5823F75-C9AE-41BC-BD74-75ACA80858A0}.Debug|x64.ActiveCfg = Debug|x64
		{A5823F75-C9AE-41BC-BD74-75ACA80858A0}.Debug|x64.Build.0 = Debug|x64
		{A5823F75-C9AE-41BC-BD74-75ACA80858A0}.Debug|x86.ActiveCfg = Debug|Win32
		{A5823F75-C9AE-41BC-BD74-75ACA80858A0}.Debug|x86.Build.0 = Debug|Win32
		{A5823F75-C9AE-41BC-BD74-75ACA80858A0}.Release|ARM.ActiveCfg = Release|Win32
		{A5823F75-C9AE-41BC-BD74-75ACA80858A0}.Release|ARM64.ActiveCfg = Release|Win32
		{A5823F75-C9AE-41BC-BD74-75ACA80858A0}.Release|x64.ActiveCfg = Release|x64
		{A5823F75-C9AE-41BC-BD74-75ACA80858A0}.Release|x64.Build.0 = Release|x64
		{A5823F75-C9AE-41BC-BD74-75ACA80858A0}.Release|x86.ActiveCfg = Release|Win32
		{A5823F75-C9AE-41BC-BD74-75ACA80858A0}.Release|x86.Build.0 = Release|Win32
		{B03CCE4C-DFD4-43AD-A261-E749326C1279}.Debug|ARM.ActiveCfg = Debug|Win32
		{B03CCE4C-DFD4-43AD-A261-E749326C1279}.Debug|ARM64.ActiveCfg = Debug|Win32
		{B03CCE4C-DFD4-43AD-A261-E749326C1279}.Debug|x64.ActiveCfg = Debug|x64
		{B03CCE4C-DFD4-43AD-A261-E749326C1279}.Debug|x64.Build.0 = Debug|x64
		{B03CCE4C-DFD4-43AD-A261-E749326C1279}.Debug|x86.ActiveCfg = Debug|Win32
		{B03CCE4C-DFD4-43AD-A261-E749326C1279}.Debug|x86.Build.0 = Debug|Win32
		{B03CCE4C-DFD4-43AD-A261-E749326C1279}.Release|ARM.ActiveCfg = Release|Win32
		{B03CCE4C-DFD4-43AD-A261-E749326C1279}.Release|ARM64.ActiveCfg = Release|Win32
		{B03CCE4C-DFD4-43AD-A261-E749326C1279}.Release|x64.ActiveCfg = Release|x64
		{B03CCE4C-DFD4-43AD-A261-E749326C1279}.Release|x64.Build.0 = Release|x64
		{B03CCE4C-DFD4-43AD-A261-E749326C1279}.Release|x86.ActiveCfg = Release|Win32
		{B03CCE4C-DFD4-43AD-A261-E749326C1279}.Release|x86.Build.0 = Release|Win32
		{85CE5B27-4FB0-4704-9BA0-1659D1FA12EE}.Debug|ARM.ActiveCfg = Debug|Win32
		{85CE5B27-4FB0-4704-9BA0-1659D1FA12EE}.Debug|ARM64.ActiveCfg = Debug|Win32
		{85CE5B27-4FB0-4704-9BA0-1659D1FA12EE}.Debug|x64.ActiveCfg = Debug|x64
		{85CE5B27-4FB0-4704-9BA0-1659D1FA12EE}.Debug|x64.Build.0 = Debug|x64
		{85CE5B27-4FB0-4704-9BA0-1659D1FA12EE}.Debug|x86.ActiveCfg = Debug|Win32
		{85CE5B27-4FB0-4704-9BA0-1659D1FA12EE}.Debug|x86.Build.0 = Debug|Win32
		{85CE5B27-4FB0-4704-9BA0-1659D1FA12EE}.Release|ARM.ActiveCfg = Release|Win32
		{85CE5B27-4FB0-4704-9BA0-1659D1FA12EE}.Release|ARM64.ActiveCfg = Release|Win32
		{85CE5B27-4FB0-4704-9BA0-1659D1FA12EE}.Release|x64.ActiveCfg = Release|x64
		{85CE5B27-4FB0-4704-9BA0-1659D1FA12EE}.Release|x64.Build.0 = Release|x64
		{85CE5B27-4FB0-4704-9BA0-1659D1FA12EE}.Release|x86.ActiveCfg = Release|Win32
		{85CE5B27-4FB0-4704-9BA0-1659D1FA12EE}.Release|x86.Build.0 = Release|Win32
		{B0F6B5B1-1C9F-48C2-949F-3C0CAEB9CC72}.Debug|ARM.ActiveCfg = Debug|Win32
		{B0F6B5B1-1C9F-48C2-949F-3C0CAEB9CC72}.Debug|ARM64.ActiveCfg = Debug|Win32
		{B0F6B5B1-1C9F-48C2-949F-3C0CAEB9CC72}.Debug|x64.ActiveCfg = Debug|x64
		{B0F6B5B1-1C9F-48C2-949F-3C0CAEB9CC72}.Debug|x64.Build.0 = Debug|x64
		{B0F6B5B1-1C9F-48C2-949F-3C0CAEB9CC72}.Debug|x86.ActiveCfg = Debug|Win32
		{B0F6B5B1-1C9F-48C2-949F-3C0CAEB9CC72}.Debug|x86.Build.0 = Debug|Win32
		{B0F6B5B1-1C9F-48C2-949F-3C0CAEB9CC72}.Release|ARM.ActiveCfg = Release|Win32
		{B0F6B5B1-1C9F-48C2-949F-3C0CAEB9CC72}.Release|ARM64.ActiveCfg = Release|Win32
		{B0F6B5B1-1C9F-48C2-949F-3C0CAEB9CC72}.Release|x64.ActiveCfg = Release|x64
		{B0F6B5B1-1C9F-48C2-949F-3C0CAEB9CC72}.Release|x64.Build.0 = Release|x64
		{B0F6B5B1-1C9F-48C2-949F-3C0CAEB9CC72}.Release|x86.ActiveCfg = Release|Win32
		{B0F6B5B1-1C9F-48C2-949F-3C0CAEB9CC72}.Release|x86.Build.0 = Release|Win32
		{8F517A58-64A3-4637-B857-F295A4A78550}.Debug|ARM.ActiveCfg = Debug|Win32
		{8F517A58-64A3-4637-B857-F295A4A78550}.Debug|ARM64.ActiveCfg = Debug|Win32
		{8F517A58-64A3-4637-B857-F295A4A78550}.Debug|x64.ActiveCfg = Debug|x64
		{8F517A58-64A3-4637-B857-F295A4A78550}.Debug|x64.Build.0 = Debug|x64
		{8F517A58-64A3-4637-B857-F295A4A78550}.Debug|x86.ActiveCfg = Debug|Win32
		{8F517A58-64A3-4637-B857-F295A4A78550}.Debug|x86.Build.0 = Debug|Win32
		{8F517A58-64A3-4637-B857-F295A4A78550}.Release|ARM.ActiveCfg = Release|Win32
		{8F517A58-64A3-4637-B857-F295A4A78550}.Release|ARM64.ActiveCfg = Release|Win32
		{8F517A58-64A3-4637-B857-F295A4A78550}.Release|x64.ActiveCfg = Release|x64
		{8F517A58-64A3-4637-B857-F295A4A78550}.Release|x64.Build.0 = Release|x64
		{8F517A58-64A3-4637-B857-F295A4A78550}.Release|x86.ActiveCfg = Release|Win32
		{8F517A58-64A3-4637-B857-F295A4A78550}.Release|x86.Build.0 = Release|Win32
		{EBDEB3FB-9821-4D3D-B602-A99FC9A1394A}.Debug|ARM.ActiveCfg = Debug|Win32
		{EBDEB3FB-9821-4D3D-B602-A99FC9A1394A}.Debug|ARM64.ActiveCfg = Debug|Win32
		{EBDEB3FB-9821-4D3D-B602-A99FC9A1394A}.Debug|x64.ActiveCfg = Debug|x64
		{EBDEB3FB-9821-4D3D-B602-A99FC9A1394A}.Debug|x64.Build.0 = Debug|x64
		{EBDEB3FB-9821-4D3D-B602-A99FC9A1394A}.Debug|x86.ActiveCfg = Debug|Win32
		{EBDEB3FB-9821-4D3D-B602-A99FC9A1394A}.Debug|x86.Build.0 = Debug|Win32
		{EBDEB3FB-9821-4D3D-B602-A99FC9A1394A}.Release|ARM.ActiveCfg = Release|Win32
		{EBDEB3FB-9821-4D3D-B602-A99FC9A1394A}.Release|ARM64.ActiveCfg = Release|Win32
		{EBDEB3FB-9821-4D3D-B602-A99FC9A1394A}.Release|x64.ActiveCfg = Release|x64
		{EBDEB3FB-9821-4D3D-B602-A99FC9A1394A}.Release|x64.Build.0 = Release|x64
		{EBDEB3FB-9821-4D3D-B602-A99FC9A1394A}.Release|x86.ActiveCfg = Release|Win32
		{EBDEB3FB-9821-4D3D-B602-A99FC9A1394A}.Release|x86.Build.0 = Release|Win32
		{98F7BF6C-DF15-466D-A844-C8DD9F04D960}.Debug|ARM.ActiveCfg = Debug|Win32
		{98F7BF6C-DF15-466D-A844-C8DD9F04D960}.Debug|ARM64.ActiveCfg = Debug|Win32
		{98F7BF6C-DF15-466D-A844-C8DD9F04D960}.Debug|x64.ActiveCfg = Debug|x64
		{98F7BF6C-DF15-466D-A844-C8DD9F04D960}.Debug|x64.Build.0 = Debug|x64
		{98F7BF6C-DF15-466D-A844-C8DD9F04D960}.Debug|x86.ActiveCfg = Debug|Win32
		{98F7BF6C-DF15-466D-A844-C8DD9F04D960}.Debug|x86.Build.0 = Debug|Win32
		{98F7BF6C-DF15-466D-A844-C8DD9F04D960}.Release|ARM.ActiveCfg = Release|Win32
		{98F7BF6C-DF15-466D-A844-C8DD9F04D960}.Release|ARM64.ActiveCfg = Release|Win32
		{98F7BF6C-DF15-466D-A844-C8DD9F04D960}.Release|x64.ActiveCfg = Release|x64
		{98F7BF6C-DF15-466D-A844-C8DD9F04D960}.Release|x64.Build.0 = Release|x64
		{98F7BF6C-DF15-466D-A844-C8DD9F04D960}.Release|x86.ActiveCfg = Release|Win32
		{98F7BF6C-DF15-466D-A844-C8DD9F04D960}.Release|x86.Build.0 = Release|Win32
		{723E5A93-6581-4281-913B-D6749C360E5E}.Debug|ARM.ActiveCfg = Debug|Win32
		{723E5A93-6581-4281-913B-D6749C360E5E}.Debug|ARM64.ActiveCfg = Debug|Win32
		{723E5A93-6581-4281-913B-D6749C360E5E}.Debug|x64.ActiveCfg = Debug|x64
		{723E5A93-6581-4281-913B-D6749C360E5E}.Debug|x64.Build.0 = Debug|x64
		{723E5A93-6581-4281-913B-D6749C360E5E}.Debug|x86.ActiveCfg = Debug|Win32
		{723E5A93-6581-4281-913B-D6749C360E5E}.Debug|x86.Build.0 = Debug|Win32
		{723E5A93-6581-4281-913B-D6749C360E5E}.Release|ARM.ActiveCfg = Release|Win32
		{723E5A93-6581-4281-913B-D6749C360E5E}.Release|ARM64.ActiveCfg = Release|Win32
		{723E5A93-6581-4281-913B-D6749C360E5E}.Release|x64.ActiveCfg = Release|x64
		{723E5A93-6581-4281-913B-D6749C360E5E}.Release|x64.Build.0 = Release|x64
		{723E5A93-6581-4281-913B-D6749C360E5E}.Release|x86.ActiveCfg = Release|Win32
		{723E5A93-6581-4281-913B-D6749C360E5E}.Release|x86.Build.0 = Release|Win32
		{BE22748C-F26E-44FE-A1C9-84274E8DB3CD}.Debug|ARM.ActiveCfg = Debug|Win32
		{BE22748C-F26E-44FE-A1C9-84274E8DB3CD}.Debug|ARM64.ActiveCfg = Debug|Win32
		{BE22748C-F26E-44FE-A1C9-84274E8DB3CD}.Debug|x64.ActiveCfg = Debug|x64
		{BE22748C-F26E-44FE-A1C9-84274E8DB3CD}.Debug|x64.Build.0 = Debug|x64
		{BE22748C-F26E-44FE-A1C9-84274E8DB3CD}.Debug|x86.ActiveCfg = Debug|Win32
		{BE22748C-F26E-44FE-A1C9-84274E8DB3CD}.Debug|x86.Build.0 = Debug|Win32
		{BE22748C-F26E-44FE-A1C9-84274E8DB3CD}.Release|ARM.ActiveCfg = Release|Win32
		{BE22748C-F26E-44FE-A1C9-84274E8DB3CD}.Release|ARM64.ActiveCfg = Release|Win32
		{BE22748C-F26E-44FE-A1C9-84274E8DB3CD}.Release|x64.ActiveCfg = Release|x64
		{BE22748C-F26E-44FE-A1C9-84274E8DB3CD}.Release|x64.Build.0 = Release|x64
		{BE22748C-F26E-44FE-A1C9-84274E8DB3CD}.Release|x86.ActiveCfg = Release|Win32
		{BE22748C-F26E-44FE-A1C9-84274E8DB3CD}.Release|x86.Build.0 = Release|Win32
		{061C687D-4F3B-40E1-B0F3-894596D3389F}.Debug|ARM.ActiveCfg = Debug|Win32
		{061C687D-4F3B-40E1-B0F3-894596D3389F}.Debug|ARM64.ActiveCfg = Debug|Win32
		{061C687D-4F3B-40E1-B0F3-894596D3389F}.Debug|x64.ActiveCfg = Debug|x64
		{061C687D-4F3B-40E1-B0F3-894596D3389F}.Debug|x64.Build.0 = Debug|x64
		{061C687D-4F3B-40E1-B0F3-894596D3389F}.Debug|x86.ActiveCfg = Debug|Win32
		{061C687D-4F3B-40E1-B0F3-894596D3389F}.Debug|x86.Build.0 = Debug|Win32
		{061C687D-4F3B-40E1-B0F3-894596D3389F}.Release|ARM.ActiveCfg = Release|Win32
		{061C687D-4F3B-40E1-B0F3-894596D3389F}.Release|ARM64.ActiveCfg = Release|Win32
		{061C687D-4F3B-40E1-B0F3-894596D3389F}.Release|x64.ActiveCfg = Release|x64
		{061C687D-4F3B-40E1-B0F3-894596D3389F}.Release|x64.Build.0 = Release|x64
		{061C687D-4F3B-40E1-B0F3-894596D3389F}.Release|x86.ActiveCfg = Release|Win32
		{061C687D-4F3B-40E1-B0F3-894596D3389F}.Release|x86.Build.0 = Release|Win32
		{1C269F81-573D-4A89-9989-71ED787D399D}.Debug|ARM.ActiveCfg = Debug|Win32
		{1C269F81-573D-4A89-9989-71ED787D399D}.Debug|ARM64.ActiveCfg = Debug|Win32
		{1C269F81-573D-4A89-9989-71ED787D399D}.Debug|x64.ActiveCfg = Debug|x64
		{1C269F81-573D-4A89-9989-71ED787D399D}.Debug|x64.Build.0 = Debug|x64
		{1C269F81-573D-4A89-9989-71ED787D399D}.Debug|x86.ActiveCfg = Debug|Win32
		{1C269F81-573D-4A89-9989-71ED787D399D}.Debug|x86.Build.0 = Debug|Win32
		{1C269F81-573D-4A89-9989-71ED787D399D}.Release|ARM.ActiveCfg = Release|Win32
		{1C269F81-573D-4A89-9989-71ED787D399D}.Release|ARM64.ActiveCfg = Release|Win32
		{1C269F81-573D-4A89-9989-71ED787D399D}.Release|x64.ActiveCfg = Release|x64
		{1C269F81-573D-4A89-9989-71ED787D399D}.Release|x64.Build.0 = Release|x64
		{1C269F81-573D-4A89-9989-71ED787D399D}.Release|x86.ActiveCfg = Release|Win32
		{1C269F81-573D-4A89-9989-71ED787D399D}.Release|x86.Build.0 = Release|Win32
		{0130DA3F-C0CD-4A7D-9027-06C35C6F4848}.Debug|ARM.ActiveCfg = Debug|Win32
		{0130DA3F-C0CD-4A7D-9027-06C35C6F4848}.Debug|ARM64.ActiveCfg = Debug|Win32
		{0130DA3F-C0CD-4A7D-9027-06C35C6F4848}.Debug|x64.ActiveCfg = Debug|x64
		{0130DA3F-C0CD-4A7D-9027-06C35C6F4848}.Debug|x64.Build.0 = Debug|x64
		{0130DA3F-C0CD-4A7D-9027-06C35C6F4848}.Debug|x86.ActiveCfg = Debug|Win32
		{0130DA3F-C0CD-4A7D-9027-06C35C6F4848}.Debug|x86.Build.0 = Debug|Win32
		{0130DA3F-C0CD-4A7D-9027-06C35C6F4848}.Release|ARM.ActiveCfg = Release|Win32
		{0130DA3F-C0CD-4A7D-9027-06C35C6F4848}.Release|ARM64.ActiveCfg = Release|Win32
		{0130DA3F-C0CD-4A7D-9027-06C35C6F4848}.Release|x64.ActiveCfg = Release|x64
		{0130DA3F-C0CD-4A7D-9027-06C35C6F4848}.Release|x64.Build.0 = Release|x64
		{0130DA3F-C0CD-4A7D-9027-06C35C6F4848}.Release|x86.ActiveCfg = Release|Win32
		{0130DA3F-C0CD-4A7D-9027-06C35C6F4848}.Release|x86.Build.0 = Release|Win32
		{AEF00D9A-2287-4550-ABC5-EC4495433643}.Debug|ARM.ActiveCfg = Debug|Win32
		{AEF00D9A-2287-4550-ABC5-EC4495433643}.Debug|ARM64.ActiveCfg = Debug|Win32
		{AEF00D9A-2287-4550-ABC5-EC4495433643}.Debug|x64.ActiveCfg = Debug|x64
		{AEF00D9A-2287-4550-ABC5-EC4495433643}.Debug|x64.Build.0 = Debug|x64
		{AEF00D9A-2287-4550-ABC5-EC4495433643}.Debug|x86.ActiveCfg = Debug|Win32
		{AEF00D9A-2287-4550-ABC5-EC4495433643}.Debug|x86.Build.0 = Debug|Win32
		{AEF00D9A-2287-4550-ABC5-EC4495433643}.Release|ARM.ActiveCfg = Release|Win32
		{AEF00D9A-2287-4550-ABC5-EC4495433643}.Release|ARM64.ActiveCfg = Release|Win32
		{AEF00D9A-2287-4550-ABC5-EC4495433643}.Release|x64.ActiveCfg = Release|x64
		{AEF00D9A-2287-4550-ABC5-EC4495433643}.Release|x64.Build.0 = Release|x64
		{AEF00D9A-2287-4550-ABC5-EC4495433643}.Release|x86.ActiveCfg = Release|Win32
		{AEF00D9A-2287-4550-ABC5-EC4495433643}.Release|x86.Build.0 = Release|Win32
		{E942A405-961D-493D-B922-11FD67332783}.Debug|ARM.ActiveCfg = Debug|Win32
		{E942A405-961D-493D-B922-11FD67332783}.Debug|ARM64.ActiveCfg = Debug|Win32
		{E942A405-961D-493D-B922-11FD67332783}.Debug|x64.ActiveCfg = Debug|x64
		{E942A405-961D-493D-B922-11FD67332783}.Debug|x64.Build.0 = Debug|x64
		{E942A405-961D-493D-B922-11FD67332783}.Debug|x86.ActiveCfg = Debug|Win32
		{E942A405-961D-493D-B922-11FD67332783}.Debug|x86.Build.0 = Debug|Win32
		{E942A405-961D-493D-B922-11FD67332783}.Release|ARM.ActiveCfg = Release|Win32
		{E942A405-961D-493D-B922-11FD67332783}.Release|ARM64.ActiveCfg = Release|Win32
		{E942A405-961D-493D-B922-11FD67332783}.Release|x64.ActiveCfg = Release|x64
		{E942A405-961D-493D-B922-11FD67332783}.Release|x64.Build.0 = Release|x64
		{E942A405-961D-493D-B922-11FD67332783}.Release|x86.ActiveCfg = Release|Win32
		{E942A405-961D-493D-B922-11FD67332783}.Release|x86.Build.0 = Release|Win32
		{FE56E7FD-7767-4BC6-95AD-BDD441F6ED2A}.Debug|ARM.ActiveCfg = Debug|Win32
		{FE56E7FD-7767-4BC6-95AD-BDD441F6ED2A}.Debug|ARM64.ActiveCfg = Debug|Win32
		{FE56E7FD-7767-4BC6-95AD-BDD441F6ED2A}.Debug|x64.ActiveCfg = Debug|x64
		{FE56E7FD-7767-4BC6-95AD-BDD441F6ED2A}.Debug|x64.Build.0 = Debug|x64
		{FE56E7FD-7767-4BC6-95AD-BDD441F6ED2A}.Debug|x86.ActiveCfg = Debug|Win32
		{FE56E7FD-7767-4BC6-95AD-BDD441F6ED2A}.Debug|x86.Build.0 = Debug|Win32
		{FE56E7FD-7767-4BC6-95AD-BDD441F6ED2A}.Release|ARM.ActiveCfg = Release|Win32
		{FE56E7FD-7767-4BC6-95AD-BDD441F6ED2A}.Release|ARM64.ActiveCfg = Release|Win32
		{FE56E7FD-7767-4BC6-95AD-BDD441F6ED2A}.Release|x64.ActiveCfg = Release|x64
		{FE56E7FD-7767-4BC6-95AD-BDD441F6ED2A}.Release|x64.Build.0 = Release|x64
		{FE56E7FD-7767-4BC6-95AD-BDD441F6ED2A}.Release|x86.ActiveCfg = Release|Win32
		{FE56E7FD-7767-4BC6-95AD-BDD441F6ED2A}.Release|x86.Build.0 = Release|Win32
		{0714A8B7-E28A-4651-839C-9DE063BC84DF}.Debug|ARM.ActiveCfg = Debug|Win32
		{0714A8B7-E28A-4651-839C-9DE063BC84DF}.Debug|ARM64.ActiveCfg = Debug|Win32
		{0714A8B7-E28A-4651-839C-9DE063BC84DF}.Debug|x64.ActiveCfg = Debug|x64
		{0714A8B7-E28A-4651-839C-9DE063BC84DF}.Debug|x64.Build.0 = Debug|x64
		{0714A8B7-E28A-4651-839C-9DE063BC84DF}.Debug|x86.ActiveCfg = Debug|Win32
		{0714A8B7-E28A-4651-839C-9DE063BC84DF}.Debug|x86.Build.0 = Debug|Win32
		{0714A8B7-E28A-4651-839C-9DE063BC84DF}.Release|ARM.ActiveCfg = Release|Win32
		{0714A8B7-E28A-4651-839C-9DE063BC84DF}.Release|ARM64.ActiveCfg = Release|Win32
		{0714A8B7-E28A-4651-839C-9DE063BC84DF}.Release|x64.ActiveCfg = Release|x64
		{0714A8B7-E28A-4651-839C-9DE063BC84DF}.Release|x64.Build.0 = Release|x64
		{0714A8B7-E28A-4651-839C-9DE063BC84DF}.Release|x86.ActiveCfg = Release|Win32
		{0714A8B7-E28A-4651-839C-9DE063BC84DF}.Release|x86.Build.0 = Release|Win32
		{BF5890D8-A19B-43F1-8802-185675574B2A}.Debug|ARM.ActiveCfg = Debug|Win32
		{BF5890D8-A19B-43F1-8802-185675574B2A}.Debug|ARM64.ActiveCfg = Debug|Win32
		{BF5890D8-A19B-43F1-8802-185675574B2A}.Debug|x64.ActiveCfg = Debug|x64
		{BF5890D8-A19B-43F1-8802-185675574B2A}.Debug|x64.Build.0 = Debug|x64
		{BF5890D8-A19B-43F1-8802-185675574B2A}.Debug|x86.ActiveCfg = Debug|Win32
		{BF5890D8-A19B-43F1-8802-185675574B2A}.Debug|x86.Build.0 = Debug|Win32
		{BF5890D8-A19B-43F1-8802-185675574B2A}.Release|ARM.ActiveCfg = Release|Win32
		{BF5890D8-A19B-43F1-8802-185675574B2A}.Release|ARM64.ActiveCfg = Release|Win32
		{BF5890D8-A19B-43F1-8802-185675574B2A}.Release|x64.ActiveCfg = Release|x64
		{BF5890D8-A19B-43F1-8802-185675574B2A}.Release|x64.Build.0 = Release|x64
		{BF5890D8-A19B-43F1-8802-185675574B2A}.Release|x86.ActiveCfg = Release|Win32
		{BF5890D8-A19B-43F1-8802-185675574B2A}.Release|x86.Build.0 = Release|Win32
		{73EB8DD1-F34D-4D17-B3DC-7585496C8306}.Debug|ARM.ActiveCfg = Debug|Win32
		{73EB8DD1-F34D-4D17-B3DC-7585496C8306}.Debug|ARM64.ActiveCfg = Debug|Win32
		{73EB8DD1-F34D-4D17-B3DC-7585496C8306}.Debug|x64.ActiveCfg = Debug|x64
		{73EB8DD1-F34D-4D17-B3DC-7585496C8306}.Debug|x64.Build.0 = Debug|x64
		{73EB8DD1-F34D-4D17-B3DC-7585496C8306}.Debug|x86.ActiveCfg = Debug|Win32
		{73EB8DD1-F34D-4D17-B3DC-7585496C8306}.Debug|x86.Build.0 = Debug|Win32
		{73EB8DD1-F34D-4D17-B3DC-7585496C8306}.Release|ARM.ActiveCfg = Release|Win32
		{73EB8DD1-F34D-4D17-B3DC-7585496C8306}.Release|ARM64.ActiveCfg = Release|Win32
		{73EB8DD1-F34D-4D17-B3DC-7585496C8306}.Release|x64.ActiveCfg = Release|x64
		{73EB8DD1-F34D-4D17-B3DC-7585496C8306}.Release|x64.Build.0 = Release|x64
		{73EB8DD1-F34D-4D17-B3DC-7585496C8306}.Release|x86.ActiveCfg = Release|Win32
		{73EB8DD1-F34D-4D17-B3DC-7585496C8306}.Release|x86.Build.0 = Release|Win32
		{457602EB-7020-4D62-A652-FA59F1364001}.Debug|ARM.ActiveCfg = Debug|Win32
		{457602EB-7020-4D62-A652-FA59F1364001}.Debug|ARM64.ActiveCfg = Debug|Win32
		{457602EB-7020-4D62-A652-FA59F1364001}.Debug|x64.ActiveCfg = Debug|x64
		{457602EB-7020-4D62-A652-FA59F1364001}.Debug|x64.Build.0 = Debug|x64
		{457602EB-7020-4D62-A652-FA59F1364001}.Debug|x86.ActiveCfg = Debug|Win32
		{457602EB-7020-4D62-A652-FA59F1364001}.Debug|x86.Build.0 = Debug|Win32
		{457602EB-7020-4D62-A652-FA59F1364001}.Release|ARM.ActiveCfg = Release|Win32
		{457602EB-7020-4D62-A652-FA59F1364001}.Release|ARM64.ActiveCfg = Release|Win32
		{457602EB-7020-4D62-A652-FA59F1364001}.Release|x64.ActiveCfg = Release|x64
		{457602EB-7020-4D62-A652-FA59F1364001}.Release|x64.Build.0 = Release|x64
		{457602EB-7020-4D62-A652-FA59F1364001}.Release|x86.ActiveCfg = Release|Win32
		{457602EB-7020-4D62-A652-FA59F1364001}.Release|x86.Build.0 = Release|Win32
		{EB82190F-7ABE-42C6-AFCE-13DF93DC7264}.Debug|ARM.ActiveCfg = Debug|Win32
		{EB82190F-7ABE-42C6-AFCE-13DF93DC7264}.Debug|ARM64.ActiveCfg = Debug|Win32
		{EB82190F-7ABE-42C6-AFCE-13DF93DC7264}.Debug|x64.ActiveCfg = Debug|x64
		{EB82190F-7ABE-42C6-AFCE-13DF93DC7264}.Debug|x64.Build.0 = Debug|x64
		{EB82190F-7ABE-42C6-AFCE-13DF93DC7264}.Debug|x86.ActiveCfg = Debug|Win32
		{EB82190F-7ABE-42C6-AFCE-13DF93DC7264}.Debug|x86.Build.0 = Debug|Win32
		{EB82190F-7ABE-42C6-AFCE-13DF93DC7264}.Release|ARM.ActiveCfg = Release|Win32
		{EB82190F-7ABE-42C6-AFCE-13DF93DC7264}.Release|ARM64.ActiveCfg = Release|Win32
		{EB82190F-7ABE-42C6-AFCE-13DF93DC7264}.Release|x64.ActiveCfg = Release|x64
		{EB82190F-7ABE-42C6-AFCE-13DF93DC7264}.Release|x64.Build.0 = Release|x64
		{EB82190F-7ABE-42C6-AFCE-13DF93DC7264}.Release|x86.ActiveCfg = Release|Win32
		{EB82190F-7ABE-42C6-AFCE-13DF93DC7264}.Release|x86.Build.0 = Release|Win32
		{3F490072-F023-4DD7-B7C2-2543FF5359CF}.Debug|ARM.ActiveCfg = Debug|Win32
		{3F490072-F023-4DD7-B7C2-2543FF5359CF}.Debug|ARM64.ActiveCfg = Debug|Win32
		{3F490072-F023-4DD7-B7C2-2543FF5359CF}.Debug|x64.ActiveCfg = Debug|x64
		{3F490072-F023-4DD7-B7C2-2543FF5359CF}.Debug|x64.Build.0 = Debug|x64
		{3F490072-F023-4DD7-B7C2-2543FF5359CF}.Debug|x86.ActiveCfg = Debug|Win32
		{3F490072-F023-4DD7-B7C2-2543FF5359CF}.Debug|x86.Build.0 = Debug|Win32
		{3F490072-F023-4DD7-B7C2-2543FF5359CF}.Release|ARM.ActiveCfg = Release|Win32
		{3F490072-F023-4DD7-B7C2-2543FF5359CF}.Release|ARM64.ActiveCfg = Release|Win32
		{3F490072-F023-4DD7-B7C2-2543FF5359CF}.Release|x64.ActiveCfg = Release|x64
		{3F490072-F023-4DD7-B7C2-2543FF5359CF}.Release|x64.Build.0 = Release|x64
		{3F490072-F023-4DD7-B7C2-2543FF5359CF}.Release|x86.ActiveCfg = Release|Win32
		{3F490072-F023-4DD7-B7C2-2543FF5359CF}.Release|x86.Build.0 = Release|Win32
	EndGlobalSection
	GlobalSection(SolutionProperties) = preSolution
		HideSolutionNode = FALSE
	EndGlobalSection
	GlobalSection(ExtensibilityGlobals) = postSolution
		SolutionGuid = {EEBCF7F7-EFA9-435E-BFA3-05B3AB6F8061}
	EndGlobalSection
EndGlobal
